
Microsoft Visual Studio Solution File, Format Version 12.00
# Visual Studio Version 17
VisualStudioVersion = 17.4.33205.214
MinimumVisualStudioVersion = 10.0.40219.1
Project("{FAE04EC0-301F-11D3-BF4B-00C04F79EFBC}") = "lab3.3_struct_array_list", "lab3.3_struct_array_list.csproj", "{8755C83C-D23A-4BF7-8282-ED86F384C393}"
EndProject
Global
	GlobalSection(SolutionConfigurationPlatforms) = preSolution
		Debug|Any CPU = Debug|Any CPU
		Release|Any CPU = Release|Any CPU
	EndGlobalSection
	GlobalSection(ProjectConfigurationPlatforms) = postSolution
		{8755C83C-D23A-4BF7-8282-ED86F384C393}.Debug|Any CPU.ActiveCfg = Debug|Any CPU
		{8755C83C-D23A-4BF7-8282-ED86F384C393}.Debug|Any CPU.Build.0 = Debug|Any CPU
		{8755C83C-D23A-4BF7-8282-ED86F384C393}.Release|Any CPU.ActiveCfg = Release|Any CPU
		{8755C83C-D23A-4BF7-8282-ED86F384C393}.Release|Any CPU.Build.0 = Release|Any CPU
	EndGlobalSection
	GlobalSection(SolutionProperties) = preSolution
		HideSolutionNode = FALSE
	EndGlobalSection
	GlobalSection(ExtensibilityGlobals) = postSolution
		SolutionGuid = {E139C4A1-A5E3-4899-925A-A64E22FA4A9B}
	EndGlobalSection
EndGlobal
